
Microsoft Visual Studio Solution File, Format Version 12.00
# Visual Studio Version 17
VisualStudioVersion = 17.7.34031.279
MinimumVisualStudioVersion = 10.0.40219.1
Project("{8BC9CEB8-8B4A-11D0-8D11-00A0C91BC942}") = "lab1", "lab1.vcxproj", "{43810029-1EE3-4A49-9AD7-0ED03A7ABB74}"
EndProject
Global
	GlobalSection(SolutionConfigurationPlatforms) = preSolution
		Debug|x64 = Debug|x64
		Debug|x86 = Debug|x86
		Release|x64 = Release|x64
		Release|x86 = Release|x86
	EndGlobalSection
	GlobalSection(ProjectConfigurationPlatforms) = postSolution
		{43810029-1EE3-4A49-9AD7-0ED03A7ABB74}.Debug|x64.ActiveCfg = Debug|x64
		{43810029-1EE3-4A49-9AD7-0ED03A7ABB74}.Debug|x64.Build.0 = Debug|x64
		{43810029-1EE3-4A49-9AD7-0ED03A7ABB74}.Debug|x86.ActiveCfg = Debug|Win32
		{43810029-1EE3-4A49-9AD7-0ED03A7ABB74}.Debug|x86.Build.0 = Debug|Win32
		{43810029-1EE3-4A49-9AD7-0ED03A7ABB74}.Release|x64.ActiveCfg = Release|x64
		{43810029-1EE3-4A49-9AD7-0ED03A7ABB74}.Release|x64.Build.0 = Release|x64
		{43810029-1EE3-4A49-9AD7-0ED03A7ABB74}.Release|x86.ActiveCfg = Release|Win32
		{43810029-1EE3-4A49-9AD7-0ED03A7ABB74}.Release|x86.Build.0 = Release|Win32
	EndGlobalSection
	GlobalSection(SolutionProperties) = preSolution
		HideSolutionNode = FALSE
	EndGlobalSection
	GlobalSection(ExtensibilityGlobals) = postSolution
		SolutionGuid = {FA445725-59E6-4107-BA9D-749A8CD60857}
	EndGlobalSection
EndGlobal
